
Microsoft Visual Studio Solution File, Format Version 12.00
# Visual Studio 2015
Project("{FAE04EC0-301F-11D3-BF4B-00C04F79EFBC}") = "Monster Revolution.CSharp.Plugins", "Monster Revolution.CSharp.Plugins.csproj", "{1774097C-868D-E400-33B6-451291AE8E63}"
EndProject
Project("{FAE04EC0-301F-11D3-BF4B-00C04F79EFBC}") = "Monster Revolution.CSharp", "Monster Revolution.CSharp.csproj", "{13F58B1C-B166-DDA5-E9BA-578D8FA48F0B}"
EndProject
Project("{FAE04EC0-301F-11D3-BF4B-00C04F79EFBC}") = "Monster Revolution.CSharp.Editor", "Monster Revolution.CSharp.Editor.csproj", "{E9D81ABE-110A-91C7-0355-9B611CCC4FB7}"
EndProject
Global
	GlobalSection(SolutionConfigurationPlatforms) = preSolution
		Debug|Any CPU = Debug|Any CPU
		Release|Any CPU = Release|Any CPU
	EndGlobalSection
	GlobalSection(ProjectConfigurationPlatforms) = postSolution
		{1774097C-868D-E400-33B6-451291AE8E63}.Debug|Any CPU.ActiveCfg = Debug|Any CPU
		{1774097C-868D-E400-33B6-451291AE8E63}.Debug|Any CPU.Build.0 = Debug|Any CPU
		{1774097C-868D-E400-33B6-451291AE8E63}.Release|Any CPU.ActiveCfg = Release|Any CPU
		{1774097C-868D-E400-33B6-451291AE8E63}.Release|Any CPU.Build.0 = Release|Any CPU
		{13F58B1C-B166-DDA5-E9BA-578D8FA48F0B}.Debug|Any CPU.ActiveCfg = Debug|Any CPU
		{13F58B1C-B166-DDA5-E9BA-578D8FA48F0B}.Debug|Any CPU.Build.0 = Debug|Any CPU
		{13F58B1C-B166-DDA5-E9BA-578D8FA48F0B}.Release|Any CPU.ActiveCfg = Release|Any CPU
		{13F58B1C-B166-DDA5-E9BA-578D8FA48F0B}.Release|Any CPU.Build.0 = Release|Any CPU
		{E9D81ABE-110A-91C7-0355-9B611CCC4FB7}.Debug|Any CPU.ActiveCfg = Debug|Any CPU
		{E9D81ABE-110A-91C7-0355-9B611CCC4FB7}.Debug|Any CPU.Build.0 = Debug|Any CPU
		{E9D81ABE-110A-91C7-0355-9B611CCC4FB7}.Release|Any CPU.ActiveCfg = Release|Any CPU
		{E9D81ABE-110A-91C7-0355-9B611CCC4FB7}.Release|Any CPU.Build.0 = Release|Any CPU
	EndGlobalSection
	GlobalSection(SolutionProperties) = preSolution
		HideSolutionNode = FALSE
	EndGlobalSection
EndGlobal
